#MicroXplorer Configuration settings - do not modify
PB13.GPIOParameters=GPIO_Label
USART2.IPParameters=VirtualMode
SPI1.VirtualType=VM_MASTER
SPI2.VirtualType=VM_MASTER
PB10.Mode=Asynchronous
Dma.USART1_TX.3.MemInc=DMA_MINC_ENABLE
TIM1.IPParameters=Prescaler,Period
RCC.PLLCLKFreq_Value=64000000
PB14.GPIO_Label=DWM_SPI_MISO
Dma.USART1_RX.2.Instance=DMA1_Channel5
PA3.GPIOParameters=GPIO_Label
Dma.USART3_RX.4.MemDataAlignment=DMA_MDATAALIGN_BYTE
USART1.IPParameters=VirtualMode
PB13.Signal=SPI2_SCK
PA2.GPIOParameters=GPIO_Label
Dma.USART2_TX.1.RequestParameters=Instance,Direction,PeriphInc,MemInc,PeriphDataAlignment,MemDataAlignment,Mode,Priority
PC15-OSC32_OUT.GPIO_Label=MTR1_ENB_MCU
PinOutPanel.RotationAngle=0
RCC.SYSCLKSource=RCC_SYSCLKSOURCE_PLLCLK
NVIC.DMA1_Channel3_IRQn=true\:0\:0\:false\:false\:true\:false\:true
NVIC.SVCall_IRQn=true\:0\:0\:false\:false\:true\:false\:false
USART3.BaudRate=57600
SPI1.Direction=SPI_DIRECTION_2LINES
Dma.USART2_RX.0.PeriphDataAlignment=DMA_PDATAALIGN_BYTE
Dma.USART3_TX.5.PeriphDataAlignment=DMA_PDATAALIGN_BYTE
TIM2.IPParameters=Period,Prescaler
RCC.APB2TimFreq_Value=64000000
Dma.USART2_TX.1.Mode=DMA_NORMAL
Dma.USART1_TX.3.Mode=DMA_NORMAL
SPI1.CalculateBaudRate=4.0 MBits/s
VP_TIM2_VS_ClockSourceINT.Signal=TIM2_VS_ClockSourceINT
PB13.Locked=true
ProjectManager.ProjectBuild=false
NVIC.UsageFault_IRQn=true\:0\:0\:false\:false\:true\:false\:false
PB3.Mode=Full_Duplex_Master
PA8.Locked=true
PA4.Locked=true
PB12.GPIO_Label=DWM_SPI_CSn
ProjectManager.FirmwarePackage=STM32Cube FW_F1 V1.8.3
MxDb.Version=DB.6.0.20
PB0.GPIOParameters=GPIO_Label
PA1.GPIOParameters=GPIO_Label
ProjectManager.BackupPrevious=false
Dma.USART2_TX.1.Instance=DMA1_Channel7
PB14.Mode=Full_Duplex_Master
PB1.GPIO_Label=RF_SET
SPI2.CalculateBaudRate=16.0 MBits/s
SH.S_TIM4_CH2.0=TIM4_CH2,PWM Generation2 CH2
PA8.Signal=GPIO_Output
NVIC.PendSV_IRQn=true\:0\:0\:false\:false\:true\:false\:false
TIM4.Period=436
ProjectManager.HalAssertFull=false
VP_TIM1_VS_ClockSourceINT.Mode=Internal
Dma.USART1_TX.3.Instance=DMA1_Channel4
RCC.PLLMCOFreq_Value=32000000
Mcu.Package=LQFP48
PB9.Signal=I2C1_SDA
TIM2.Prescaler=0
PB1.Signal=GPIO_Output
PA5.Locked=true
SPI2.Mode=SPI_MODE_MASTER
VP_SYS_VS_Systick.Signal=SYS_VS_Systick
USART3.IPParameters=VirtualMode,BaudRate
PA10.Signal=USART1_RX
PA5.GPIOParameters=GPIO_Label
PB14.GPIOParameters=GPIO_Label
RCC.APB1TimFreq_Value=64000000
NVIC.BusFault_IRQn=true\:0\:0\:false\:false\:true\:false\:false
TIM1.Period=80-1
PB10.GPIOParameters=GPIO_Label
PB13.Mode=Full_Duplex_Master
NVIC.DMA1_Channel4_IRQn=true\:0\:0\:false\:false\:true\:false\:true
PC15-OSC32_OUT.GPIOParameters=GPIO_Label
PA4.GPIO_Label=BLUE_RESET
ProjectManager.CustomerFirmwarePackage=
NVIC.DMA1_Channel6_IRQn=true\:0\:0\:false\:false\:true\:false\:true
ProjectManager.ProjectFileName=PIFWRobot.ioc
PA15.GPIOParameters=GPIO_Label
Mcu.PinsNb=39
PA9.GPIO_Label=BLUE_RX
PB11.GPIO_Label=RF_TXD
Dma.USART2_RX.0.Direction=DMA_PERIPH_TO_MEMORY
RCC.USBPrescaler=RCC_USBCLKSOURCE_PLL_DIV1_5
SH.GPXTI0.ConfNb=1
Dma.USART3_TX.5.Instance=DMA1_Channel2
PA11.GPIO_Label=BLUE_KEY
Dma.USART3_TX.5.RequestParameters=Instance,Direction,PeriphInc,MemInc,PeriphDataAlignment,MemDataAlignment,Mode,Priority
PB14.Locked=true
RCC.APB1CLKDivider=RCC_HCLK_DIV2
PC14-OSC32_IN.Signal=GPIO_Output
Dma.USART1_TX.3.RequestParameters=Instance,Direction,PeriphInc,MemInc,PeriphDataAlignment,MemDataAlignment,Mode,Priority
Dma.USART3_RX.4.PeriphDataAlignment=DMA_PDATAALIGN_BYTE
SH.S_TIM2_CH1_ETR.ConfNb=1
PA0-WKUP.GPIO_Label=MTR1_PWM_MCU
PA0-WKUP.Signal=S_TIM2_CH1_ETR
PA3.Mode=Asynchronous
PB8.GPIO_Label=GY9250_SCL
PA11.Locked=true
PA15.Locked=true
Dma.USART3_RX.4.Mode=DMA_NORMAL
PA8.GPIO_Label=LED
PC15-OSC32_OUT.Locked=true
PB11.Mode=Asynchronous
TIM4.IPParameters=Channel-PWM Generation2 CH2,Prescaler,Period
I2C1.I2C_Mode=I2C_Fast
Dma.USART1_RX.2.Mode=DMA_NORMAL
PA9.Signal=USART1_TX
SH.S_TIM2_CH2.ConfNb=1
VP_TIM1_VS_ClockSourceINT.Signal=TIM1_VS_ClockSourceINT
PB11.GPIOParameters=GPIO_Label
PB5.Locked=true
PB9.Locked=true
Dma.USART3_TX.5.PeriphInc=DMA_PINC_DISABLE
Dma.USART3_TX.5.Mode=DMA_NORMAL
PC13-TAMPER-RTC.Locked=true
PB10.Signal=USART3_TX
PB14.Signal=SPI2_MISO
PA5.Signal=GPIO_Output
PD0-OSC_IN.GPIO_Label=MTR2_DIR_MCU
ProjectManager.LastFirmware=true
PC13-TAMPER-RTC.GPIO_Label=BUZZER
Dma.USART1_RX.2.Priority=DMA_PRIORITY_LOW
Dma.USART1_RX.2.Direction=DMA_PERIPH_TO_MEMORY
PB4.GPIO_Label=NRF24_MISO
Mcu.Pin37=VP_TIM3_VS_ClockSourceINT
Mcu.Pin38=VP_TIM4_VS_ClockSourceINT
Mcu.Pin35=VP_TIM1_VS_ClockSourceINT
PB15.GPIO_Label=DWM_SPI_MOSI
Mcu.Pin36=VP_TIM2_VS_ClockSourceINT
SPI1.Mode=SPI_MODE_MASTER
Mcu.Pin30=PB5
PA1.GPIO_Label=MTR2_PWM_MCU
Mcu.Pin33=PB9
TIM3.IPParameters=Channel-PWM Generation1 CH1,Prescaler,Period
Mcu.Pin34=VP_SYS_VS_Systick
Mcu.Pin31=PB7
Mcu.Pin32=PB8
PA9.Locked=true
NVIC.NonMaskableInt_IRQn=true\:0\:0\:false\:false\:true\:false\:false
TIM2.Period=999
PA13.Mode=Serial_Wire
ProjectManager.FreePins=false
Dma.USART2_RX.0.MemInc=DMA_MINC_ENABLE
Dma.USART1_RX.2.MemInc=DMA_MINC_ENABLE
Mcu.Pin26=PA14
Mcu.Pin27=PA15
Mcu.Pin24=PA12
Dma.USART1_TX.3.Priority=DMA_PRIORITY_LOW
ProjectManager.UnderRoot=true
Mcu.Pin25=PA13
Mcu.Pin28=PB3
Mcu.Pin29=PB4
PB4.Locked=true
PA4.Signal=GPIO_Output
PB5.Signal=SPI1_MOSI
Mcu.Pin22=PA10
Mcu.Pin23=PA11
RCC.TimSysFreq_Value=64000000
Mcu.Pin20=PA8
PA3.Locked=true
Mcu.Pin21=PA9
PA5.GPIO_Label=RF_PWR
PA10.Locked=true
NVIC.ForceEnableDMAVector=true
NVIC.MemoryManagement_IRQn=true\:0\:0\:false\:false\:true\:false\:false
USART1.VirtualMode=VM_ASYNC
ProjectManager.CompilerOptimize=6
PA11.Signal=GPIO_Output
SH.S_TIM2_CH1_ETR.0=TIM2_CH1
ProjectManager.HeapSize=0x200
Mcu.Pin15=PB11
NVIC.HardFault_IRQn=true\:0\:0\:false\:false\:true\:false\:false
Mcu.Pin16=PB12
Mcu.Pin13=PB1
Mcu.Pin14=PB10
Mcu.Pin19=PB15
SH.S_TIM3_CH1.ConfNb=1
ProjectManager.ComputerToolchain=false
Mcu.Pin17=PB13
Dma.USART3_RX.4.MemInc=DMA_MINC_ENABLE
Mcu.Pin18=PB14
VP_TIM4_VS_ClockSourceINT.Mode=Internal
NVIC.PriorityGroup=NVIC_PRIORITYGROUP_4
Mcu.Pin11=PA6
Mcu.Pin12=PB0
PB8.Mode=I2C
Mcu.Pin10=PA5
Dma.USART2_TX.1.MemDataAlignment=DMA_MDATAALIGN_BYTE
PB0.Signal=GPXTI0
PB12.GPIOParameters=GPIO_Label
Mcu.Family=STM32F1
NVIC.USART3_IRQn=true\:0\:0\:false\:false\:true\:true\:true
Dma.USART3_TX.5.MemInc=DMA_MINC_ENABLE
ProjectManager.MainLocation=Core/Src
RCC.MCOFreq_Value=64000000
SH.S_TIM4_CH2.ConfNb=1
SPI2.VirtualNSS=VM_NSSHARD
NVIC.DMA1_Channel5_IRQn=true\:0\:0\:false\:false\:true\:false\:true
Dma.USART3_RX.4.Priority=DMA_PRIORITY_LOW
ProjectManager.KeepUserCode=true
Mcu.UserName=STM32F103C8Tx
Dma.USART1_TX.3.MemDataAlignment=DMA_MDATAALIGN_BYTE
Dma.USART2_TX.1.MemInc=DMA_MINC_ENABLE
PC13-TAMPER-RTC.GPIOParameters=GPIO_Label
Dma.USART1_TX.3.Direction=DMA_MEMORY_TO_PERIPH
PA12.GPIOParameters=GPIO_Label
ProjectManager.functionlistsort=1-MX_GPIO_Init-GPIO-false-HAL-true,2-SystemClock_Config-RCC-false-HAL-false,3-MX_I2C1_Init-I2C1-false-HAL-true,4-MX_DMA_Init-DMA-false-HAL-true,5-MX_SPI1_Init-SPI1-false-HAL-true,6-MX_SPI2_Init-SPI2-false-HAL-true,7-MX_TIM2_Init-TIM2-false-HAL-true,8-MX_TIM3_Init-TIM3-false-HAL-true,9-MX_TIM4_Init-TIM4-false-HAL-true,10-MX_USART1_UART_Init-USART1-false-HAL-true,11-MX_USART2_UART_Init-USART2-false-HAL-true,12-MX_TIM1_Init-TIM1-false-HAL-true,13-MX_USART3_UART_Init-USART3-false-HAL-true
PA9.GPIOParameters=GPIO_Label
PA11.GPIOParameters=GPIO_Label
RCC.ADCFreqValue=32000000
PB0.GPIO_Label=BTN
PB13.GPIO_Label=DWM_SPI_CLK
PB11.Signal=USART3_RX
PB15.Signal=SPI2_MOSI
ProjectManager.StackSize=0x400
PB5.GPIOParameters=GPIO_Label
PD1-OSC_OUT.Locked=true
PD1-OSC_OUT.Signal=GPIO_Output
Mcu.IP4=SPI1
RCC.FCLKCortexFreq_Value=64000000
Mcu.IP5=SPI2
Mcu.IP2=NVIC
I2C1.IPParameters=I2C_Mode
Mcu.IP3=RCC
PA15.GPIO_Label=NRF24_CSN
PB4.GPIOParameters=GPIO_Label
Mcu.IP0=DMA
PA12.Locked=true
Mcu.IP1=I2C1
PD1-OSC_OUT.GPIO_Label=MTR2_ENB_MCU
PA12.Signal=GPIO_Output
TIM1.Prescaler=0
Mcu.UserConstants=
Dma.USART2_RX.0.Priority=DMA_PRIORITY_LOW
Mcu.ThirdPartyNb=0
RCC.HCLKFreq_Value=64000000
Mcu.IPNb=14
ProjectManager.PreviousToolchain=STM32CubeIDE
TIM3.Period=436
PA8.GPIOParameters=GPIO_Label
Mcu.Pin6=PA1
Mcu.Pin7=PA2
Mcu.Pin8=PA3
Mcu.Pin9=PA4
RCC.AHBFreq_Value=64000000
Mcu.Pin0=PC13-TAMPER-RTC
Mcu.Pin1=PC14-OSC32_IN
TIM3.Channel-PWM\ Generation1\ CH1=TIM_CHANNEL_1
GPIO.groupedBy=Group By Peripherals
Mcu.Pin2=PC15-OSC32_OUT
Mcu.Pin3=PD0-OSC_IN
Dma.USART3_TX.5.Direction=DMA_MEMORY_TO_PERIPH
Mcu.Pin4=PD1-OSC_OUT
PA0-WKUP.GPIOParameters=GPIO_Label
Mcu.Pin5=PA0-WKUP
NVIC.DebugMonitor_IRQn=true\:0\:0\:false\:false\:true\:false\:false
Mcu.IP10=TIM4
NVIC.SysTick_IRQn=true\:0\:0\:false\:false\:true\:false\:true
Mcu.IP12=USART2
RCC.PLLMUL=RCC_PLL_MUL16
Mcu.IP11=USART1
Dma.USART3_RX.4.PeriphInc=DMA_PINC_DISABLE
PD1-OSC_OUT.GPIOParameters=GPIO_Label
PB4.Mode=Full_Duplex_Master
Mcu.IP13=USART3
Dma.USART2_RX.0.MemDataAlignment=DMA_MDATAALIGN_BYTE
PA14.Mode=Serial_Wire
TIM3.Prescaler=63
Dma.USART1_TX.3.PeriphInc=DMA_PINC_DISABLE
PB5.Mode=Full_Duplex_Master
File.Version=6
PA10.GPIO_Label=BLUE_TX
Dma.USART2_RX.0.Instance=DMA1_Channel6
PB3.GPIOParameters=GPIO_Label
PB7.Signal=S_TIM4_CH2
PB8.Locked=true
SH.S_TIM3_CH1.0=TIM3_CH1,PWM Generation1 CH1
Dma.RequestsNb=6
PB0.Locked=true
PC14-OSC32_IN.GPIOParameters=GPIO_Label
ProjectManager.ProjectName=PIFWRobot
PA6.Signal=S_TIM3_CH1
PB12.Mode=NSS_Signal_Hard_Output
Dma.USART2_RX.0.PeriphInc=DMA_PINC_DISABLE
Dma.USART3_TX.5.Priority=DMA_PRIORITY_LOW
USART2.VirtualMode=VM_ASYNC
ProjectManager.ToolChainLocation=
PA2.GPIO_Label=ESP_RX_MCU
SH.GPXTI0.0=GPIO_EXTI0
PA15.Signal=GPIO_Output
Dma.USART3_RX.4.Instance=DMA1_Channel3
PB5.GPIO_Label=NRF24_MOSI
Dma.Request2=USART1_RX
Dma.Request1=USART2_TX
Dma.Request4=USART3_RX
Dma.Request3=USART1_TX
Dma.Request5=USART3_TX
PC14-OSC32_IN.GPIO_Label=MTR1_DIR_MCU
SPI2.Direction=SPI_DIRECTION_2LINES
Dma.Request0=USART2_RX
SPI1.BaudRatePrescaler=SPI_BAUDRATEPRESCALER_16
VP_TIM3_VS_ClockSourceINT.Mode=Internal
PC14-OSC32_IN.Locked=true
Dma.USART1_RX.2.MemDataAlignment=DMA_MDATAALIGN_BYTE
PB15.Locked=true
PB3.Locked=true
PB4.Signal=SPI1_MISO
PA3.Signal=USART2_RX
PA2.Locked=true
PB3.GPIO_Label=NRF24_SCK
Dma.USART2_TX.1.Priority=DMA_PRIORITY_LOW
PB8.GPIOParameters=GPIO_Label
PB9.GPIO_Label=GY9250_SDA
PA10.Mode=Asynchronous
ProjectManager.NoMain=false
SPI1.IPParameters=VirtualType,Mode,Direction,BaudRatePrescaler,CalculateBaudRate
PC13-TAMPER-RTC.Signal=GPIO_Output
ProjectManager.DefaultFWLocation=true
PD0-OSC_IN.Signal=GPIO_Output
ProjectManager.DeletePrevious=true
PB10.Locked=true
Dma.USART2_TX.1.PeriphDataAlignment=DMA_PDATAALIGN_BYTE
Dma.USART1_RX.2.PeriphInc=DMA_PINC_DISABLE
NVIC.USART2_IRQn=true\:0\:0\:false\:false\:true\:true\:true
PA12.GPIO_Label=NRF24_IRQ
RCC.FamilyName=M
PA0-WKUP.Locked=true
Dma.USART2_RX.0.Mode=DMA_NORMAL
PB9.GPIOParameters=GPIO_Label
PA13.Signal=SYS_JTMS-SWDIO
SH.S_TIM2_CH2.0=TIM2_CH2
PA9.Mode=Asynchronous
VP_TIM4_VS_ClockSourceINT.Signal=TIM4_VS_ClockSourceINT
NVIC.DMA1_Channel2_IRQn=true\:0\:0\:false\:false\:true\:false\:true
ProjectManager.TargetToolchain=STM32CubeIDE
PB10.GPIO_Label=RF_RXD
Dma.USART3_RX.4.RequestParameters=Instance,Direction,PeriphInc,MemInc,PeriphDataAlignment,MemDataAlignment,Mode,Priority
Dma.USART1_RX.2.PeriphDataAlignment=DMA_PDATAALIGN_BYTE
PB9.Mode=I2C
Dma.USART1_TX.3.PeriphDataAlignment=DMA_PDATAALIGN_BYTE
SPI2.IPParameters=VirtualType,Mode,Direction,CalculateBaudRate,VirtualNSS
ProjectManager.RegisterCallBack=
RCC.USBFreq_Value=42666666.666666664
VP_TIM3_VS_ClockSourceINT.Signal=TIM3_VS_ClockSourceINT
TIM4.Prescaler=63
PC15-OSC32_OUT.Signal=GPIO_Output
PA1.Signal=S_TIM2_CH2
PB1.Locked=true
Dma.USART2_TX.1.PeriphInc=DMA_PINC_DISABLE
board=custom
PB15.Mode=Full_Duplex_Master
RCC.VCOOutput2Freq_Value=4000000
Dma.USART2_TX.1.Direction=DMA_MEMORY_TO_PERIPH
TIM4.Channel-PWM\ Generation2\ CH2=TIM_CHANNEL_2
RCC.APB2Freq_Value=64000000
MxCube.Version=6.2.0
VP_TIM2_VS_ClockSourceINT.Mode=Internal
PA10.GPIOParameters=GPIO_Label
VP_SYS_VS_Systick.Mode=SysTick
PA4.GPIOParameters=GPIO_Label
PB15.GPIOParameters=GPIO_Label
RCC.IPParameters=ADCFreqValue,AHBFreq_Value,APB1CLKDivider,APB1Freq_Value,APB1TimFreq_Value,APB2Freq_Value,APB2TimFreq_Value,FCLKCortexFreq_Value,FamilyName,HCLKFreq_Value,MCOFreq_Value,PLLCLKFreq_Value,PLLMCOFreq_Value,PLLMUL,SYSCLKFreq_VALUE,SYSCLKSource,TimSysFreq_Value,USBFreq_Value,USBPrescaler,VCOOutput2Freq_Value
ProjectManager.AskForMigrate=true
Mcu.Name=STM32F103C(8-B)Tx
PD0-OSC_IN.GPIOParameters=GPIO_Label
PA2.Signal=USART2_TX
Mcu.IP8=TIM2
Mcu.IP9=TIM3
Mcu.IP6=SYS
Mcu.IP7=TIM1
ProjectManager.CoupleFile=true
PB3.Signal=SPI1_SCK
RCC.SYSCLKFreq_VALUE=64000000
PA1.Locked=true
KeepUserPlacement=false
USART3.VirtualMode=VM_ASYNC
PA14.Signal=SYS_JTCK-SWCLK
Dma.USART3_TX.5.MemDataAlignment=DMA_MDATAALIGN_BYTE
Dma.USART3_RX.4.Direction=DMA_PERIPH_TO_MEMORY
Dma.USART1_RX.2.RequestParameters=Instance,Direction,PeriphInc,MemInc,PeriphDataAlignment,MemDataAlignment,Mode,Priority
PA2.Mode=Asynchronous
PB8.Signal=I2C1_SCL
NVIC.DMA1_Channel7_IRQn=true\:0\:0\:false\:false\:true\:false\:true
RCC.APB1Freq_Value=32000000
Dma.USART2_RX.0.RequestParameters=Instance,Direction,PeriphInc,MemInc,PeriphDataAlignment,MemDataAlignment,Mode,Priority
PD0-OSC_IN.Locked=true
PB11.Locked=true
ProjectManager.DeviceId=STM32F103C8Tx
PB12.Signal=SPI2_NSS
ProjectManager.LibraryCopy=1
PA3.GPIO_Label=ESP_TX_MCU
PB1.GPIOParameters=GPIO_Label
isbadioc=false
