#MicroXplorer Configuration settings - do not modify
Mcu.Family=STM32F1
NVIC.USART3_IRQn=true\:0\:0\:false\:false\:true\:true\:true
ProjectManager.MainLocation=Src
RCC.MCOFreq_Value=64000000
PB13.GPIOParameters=GPIO_Label
SH.S_TIM4_CH2.ConfNb=1
Dma.USART3_RX.0.PeriphInc=DMA_PINC_DISABLE
SPI2.VirtualNSS=VM_NSSHARD
USART2.IPParameters=VirtualMode
ProjectManager.KeepUserCode=true
Mcu.UserName=STM32F103C8Tx
SPI1.VirtualType=VM_MASTER
SPI2.VirtualType=VM_MASTER
PB10.Mode=Asynchronous
Dma.USART3_TX.1.MemInc=DMA_MINC_ENABLE
RCC.PLLCLKFreq_Value=64000000
PC13-TAMPER-RTC.GPIOParameters=GPIO_Label
PB14.GPIO_Label=DWM_SPI_MISO
PA12.GPIOParameters=GPIO_Label
Dma.USART3_TX.1.PeriphDataAlignment=DMA_PDATAALIGN_BYTE
ProjectManager.functionlistsort=1-MX_GPIO_Init-GPIO-false-HAL-true,2-SystemClock_Config-RCC-false-HAL-false,3-MX_I2C1_Init-I2C1-false-HAL-true,4-MX_TIM1_Init-TIM1-false-HAL-true,5-MX_USART3_UART_Init-USART3-false-HAL-true,6-MX_DMA_Init-DMA-false-HAL-true,7-MX_SPI1_Init-SPI1-false-HAL-true,8-MX_SPI2_Init-SPI2-false-HAL-true,9-MX_TIM2_Init-TIM2-false-HAL-true,10-MX_TIM3_Init-TIM3-false-HAL-true,11-MX_TIM4_Init-TIM4-false-HAL-true,12-MX_USART1_UART_Init-USART1-false-HAL-true,13-MX_USART2_UART_Init-USART2-false-HAL-true
PA9.GPIOParameters=GPIO_Label
PA11.GPIOParameters=GPIO_Label
PA3.GPIOParameters=GPIO_Label
RCC.ADCFreqValue=32000000
PA6.GPIO_Label=ENC_1A_MCU
PB0.GPIO_Label=BTN
PB6.GPIO_Label=ENC_2B_MCU
Dma.USART3_TX.1.Instance=DMA1_Channel2
TIM2.Channel-PWM\ Generation2\ CH2=TIM_CHANNEL_2
USART1.IPParameters=VirtualMode
PB13.GPIO_Label=DWM_SPI_CLK
PB11.Signal=USART3_RX
PB13.Signal=SPI2_SCK
PB15.Signal=SPI2_MOSI
PA2.GPIOParameters=GPIO_Label
PC15-OSC32_OUT.GPIO_Label=MTR1_ENB_MCU
PinOutPanel.RotationAngle=0
RCC.SYSCLKSource=RCC_SYSCLKSOURCE_PLLCLK
ProjectManager.StackSize=0x400
PB5.GPIOParameters=GPIO_Label
PD1-OSC_OUT.Locked=true
PD1-OSC_OUT.Signal=GPIO_Output
NVIC.DMA1_Channel3_IRQn=true\:0\:0\:false\:false\:true\:false\:true
Mcu.IP4=SPI1
RCC.FCLKCortexFreq_Value=64000000
Mcu.IP5=SPI2
I2C1.IPParameters=I2C_Mode
Mcu.IP2=NVIC
NVIC.SVCall_IRQn=true\:0\:0\:false\:false\:true\:false\:false
Mcu.IP3=RCC
PA15.GPIO_Label=NRF24_CSN
PB4.GPIOParameters=GPIO_Label
Mcu.IP0=DMA
PA12.Locked=true
Mcu.IP1=I2C1
PD1-OSC_OUT.GPIO_Label=MTR2_ENB_MCU
PA12.Signal=GPIO_Output
USART3.BaudRate=57600
Mcu.UserConstants=
SH.S_TIM3_CH2.ConfNb=1
Mcu.ThirdPartyNb=0
SPI1.Direction=SPI_DIRECTION_2LINES
RCC.HCLKFreq_Value=64000000
Mcu.IPNb=13
TIM2.IPParameters=Channel-PWM Generation1 CH1,Channel-PWM Generation2 CH2
ProjectManager.PreviousToolchain=STM32CubeIDE
RCC.APB2TimFreq_Value=64000000
PB6.Signal=S_TIM4_CH1
SPI1.CalculateBaudRate=4.0 MBits/s
PA8.GPIOParameters=GPIO_Label
Mcu.Pin6=PA1
Mcu.Pin7=PA2
VP_TIM2_VS_ClockSourceINT.Signal=TIM2_VS_ClockSourceINT
Mcu.Pin8=PA3
Mcu.Pin9=PA4
RCC.AHBFreq_Value=64000000
PB13.Locked=true
Mcu.Pin0=PC13-TAMPER-RTC
Mcu.Pin1=PC14-OSC32_IN
GPIO.groupedBy=Group By Peripherals
Mcu.Pin2=PC15-OSC32_OUT
Mcu.Pin3=PD0-OSC_IN
Mcu.Pin4=PD1-OSC_OUT
PA0-WKUP.GPIOParameters=GPIO_Label
Mcu.Pin5=PA0-WKUP
ProjectManager.ProjectBuild=false
NVIC.UsageFault_IRQn=true\:0\:0\:false\:false\:true\:false\:false
Dma.USART3_RX.0.MemDataAlignment=DMA_MDATAALIGN_BYTE
NVIC.DebugMonitor_IRQn=true\:0\:0\:false\:false\:true\:false\:false
PB3.Mode=Full_Duplex_Master
PA8.Locked=true
PA4.Locked=true
Dma.USART3_TX.1.Mode=DMA_NORMAL
Mcu.IP10=USART1
NVIC.SysTick_IRQn=true\:0\:0\:false\:false\:true\:false\:true
Mcu.IP12=USART3
RCC.PLLMUL=RCC_PLL_MUL16
Mcu.IP11=USART2
PB12.GPIO_Label=DWM_SPI_CSn
ProjectManager.FirmwarePackage=STM32Cube FW_F1 V1.8.0
MxDb.Version=DB.5.0.60
PD1-OSC_OUT.GPIOParameters=GPIO_Label
PB0.GPIOParameters=GPIO_Label
PA1.GPIOParameters=GPIO_Label
PB4.Mode=Full_Duplex_Master
ProjectManager.BackupPrevious=false
PA14.Mode=Serial_Wire
PB14.Mode=Full_Duplex_Master
PB1.GPIO_Label=RF_SET
PB5.Mode=Full_Duplex_Master
File.Version=6
PA10.GPIO_Label=BLUE_TX
Dma.USART3_RX.0.PeriphDataAlignment=DMA_PDATAALIGN_BYTE
SPI2.CalculateBaudRate=16.0 MBits/s
PB3.GPIOParameters=GPIO_Label
SH.S_TIM4_CH2.0=TIM4_CH2,Encoder_Interface
PB7.Signal=S_TIM4_CH2
PA8.Signal=GPIO_Output
PB8.Locked=true
TIM2.Channel-PWM\ Generation1\ CH1=TIM_CHANNEL_1
NVIC.PendSV_IRQn=true\:0\:0\:false\:false\:true\:false\:false
SH.S_TIM3_CH1.0=TIM3_CH1,Encoder_Interface
TIM4.Period=65535
Dma.RequestsNb=2
PB6.GPIOParameters=GPIO_Label
ProjectManager.HalAssertFull=false
PB0.Locked=true
PC14-OSC32_IN.GPIOParameters=GPIO_Label
Dma.USART3_TX.1.Priority=DMA_PRIORITY_LOW
ProjectManager.ProjectName=blancing-robot
RCC.PLLMCOFreq_Value=32000000
PB7.GPIO_Label=ENC_2A_MCU
Dma.USART3_RX.0.Direction=DMA_PERIPH_TO_MEMORY
Mcu.Package=LQFP48
PB9.Signal=I2C1_SDA
PB1.Signal=GPIO_Output
PA6.Signal=S_TIM3_CH1
PB12.Mode=NSS_Signal_Hard_Output
PA5.Locked=true
SPI2.Mode=SPI_MODE_MASTER
USART2.VirtualMode=VM_ASYNC
ProjectManager.ToolChainLocation=
PA2.GPIO_Label=ESP_RX_MCU
SH.GPXTI0.0=GPIO_EXTI0
VP_SYS_VS_Systick.Signal=SYS_VS_Systick
USART3.IPParameters=VirtualMode,BaudRate
PA10.Signal=USART1_RX
PA15.Signal=GPIO_Output
PA5.GPIOParameters=GPIO_Label
PB14.GPIOParameters=GPIO_Label
Dma.USART3_RX.0.MemInc=DMA_MINC_ENABLE
PB5.GPIO_Label=NRF24_MOSI
SH.S_TIM4_CH1.0=TIM4_CH1,Encoder_Interface
Dma.Request1=USART3_TX
RCC.APB1TimFreq_Value=64000000
NVIC.BusFault_IRQn=true\:0\:0\:false\:false\:true\:false\:false
PC14-OSC32_IN.GPIO_Label=MTR1_DIR_MCU
SPI2.Direction=SPI_DIRECTION_2LINES
PB10.GPIOParameters=GPIO_Label
PB13.Mode=Full_Duplex_Master
PC15-OSC32_OUT.GPIOParameters=GPIO_Label
Dma.USART3_TX.1.PeriphInc=DMA_PINC_DISABLE
Dma.Request0=USART3_RX
Dma.USART3_RX.0.RequestParameters=Instance,Direction,PeriphInc,MemInc,PeriphDataAlignment,MemDataAlignment,Mode,Priority
SPI1.BaudRatePrescaler=SPI_BAUDRATEPRESCALER_16
PA4.GPIO_Label=BLUE_RESET
ProjectManager.CustomerFirmwarePackage=
PC14-OSC32_IN.Locked=true
PB15.Locked=true
PB3.Locked=true
PB4.Signal=SPI1_MISO
PA3.Signal=USART2_RX
PA2.Locked=true
PB3.GPIO_Label=NRF24_SCK
PA6.GPIOParameters=GPIO_Label
Dma.USART3_RX.0.Instance=DMA1_Channel3
SH.S_TIM4_CH1.ConfNb=1
Dma.USART3_TX.1.MemDataAlignment=DMA_MDATAALIGN_BYTE
ProjectManager.ProjectFileName=blancing-robot.ioc
PB8.GPIOParameters=GPIO_Label
PB9.GPIO_Label=GY9250_SDA
PA10.Mode=Asynchronous
PA15.GPIOParameters=GPIO_Label
Mcu.PinsNb=38
ProjectManager.NoMain=false
SPI1.IPParameters=VirtualType,Mode,Direction,BaudRatePrescaler,CalculateBaudRate
PA9.GPIO_Label=BLUE_RX
PB11.GPIO_Label=RF_TXD
PC13-TAMPER-RTC.Signal=GPIO_Output
RCC.USBPrescaler=RCC_USBCLKSOURCE_PLL_DIV1_5
SH.GPXTI0.ConfNb=1
PA11.GPIO_Label=BLUE_KEY
ProjectManager.DefaultFWLocation=true
PD0-OSC_IN.Signal=GPIO_Output
ProjectManager.DeletePrevious=true
PB14.Locked=true
RCC.APB1CLKDivider=RCC_HCLK_DIV2
PB10.Locked=true
PC14-OSC32_IN.Signal=GPIO_Output
SH.S_TIM2_CH1_ETR.ConfNb=1
PA12.GPIO_Label=NRF24_IRQ
RCC.FamilyName=M
PA0-WKUP.GPIO_Label=MTR1_PWM_MCU
Dma.USART3_RX.0.Mode=DMA_NORMAL
PA0-WKUP.Signal=S_TIM2_CH1_ETR
PA0-WKUP.Locked=true
PB9.GPIOParameters=GPIO_Label
PA3.Mode=Asynchronous
PA13.Signal=SYS_JTMS-SWDIO
PB8.GPIO_Label=GY9250_SCL
SH.S_TIM2_CH2.0=TIM2_CH2,PWM Generation2 CH2
PA11.Locked=true
PA9.Mode=Asynchronous
PA15.Locked=true
PA8.GPIO_Label=LED
PC15-OSC32_OUT.Locked=true
PB11.Mode=Asynchronous
NVIC.DMA1_Channel2_IRQn=true\:0\:0\:false\:false\:true\:false\:true
ProjectManager.TargetToolchain=STM32CubeIDE
TIM4.IPParameters=Period
PB10.GPIO_Label=RF_RXD
I2C1.I2C_Mode=I2C_Fast
Dma.USART3_TX.1.RequestParameters=Instance,Direction,PeriphInc,MemInc,PeriphDataAlignment,MemDataAlignment,Mode,Priority
PB7.GPIOParameters=GPIO_Label
PB9.Mode=I2C
PA9.Signal=USART1_TX
SH.S_TIM2_CH2.ConfNb=1
PB11.GPIOParameters=GPIO_Label
PB5.Locked=true
PB9.Locked=true
SPI2.IPParameters=VirtualType,Mode,Direction,CalculateBaudRate,VirtualNSS
PC13-TAMPER-RTC.Locked=true
RCC.USBFreq_Value=42666666.666666664
PC15-OSC32_OUT.Signal=GPIO_Output
PA1.Signal=S_TIM2_CH2
PB1.Locked=true
PB10.Signal=USART3_TX
PB14.Signal=SPI2_MISO
PA5.Signal=GPIO_Output
SH.S_TIM3_CH2.0=TIM3_CH2,Encoder_Interface
board=custom
PD0-OSC_IN.GPIO_Label=MTR2_DIR_MCU
ProjectManager.LastFirmware=true
PC13-TAMPER-RTC.GPIO_Label=BUZZER
PB15.Mode=Full_Duplex_Master
RCC.VCOOutput2Freq_Value=4000000
RCC.APB2Freq_Value=64000000
MxCube.Version=5.6.1
PB4.GPIO_Label=NRF24_MISO
Mcu.Pin37=VP_TIM2_VS_ClockSourceINT
PB15.GPIO_Label=DWM_SPI_MOSI
Mcu.Pin35=PB9
VP_TIM2_VS_ClockSourceINT.Mode=Internal
Mcu.Pin36=VP_SYS_VS_Systick
SPI1.Mode=SPI_MODE_MASTER
Mcu.Pin30=PB4
PA1.GPIO_Label=MTR2_PWM_MCU
PA10.GPIOParameters=GPIO_Label
VP_SYS_VS_Systick.Mode=SysTick
Mcu.Pin33=PB7
Mcu.Pin34=PB8
Mcu.Pin31=PB5
Mcu.Pin32=PB6
PA9.Locked=true
NVIC.NonMaskableInt_IRQn=true\:0\:0\:false\:false\:true\:false\:false
PA4.GPIOParameters=GPIO_Label
PB15.GPIOParameters=GPIO_Label
PA13.Mode=Serial_Wire
ProjectManager.FreePins=false
RCC.IPParameters=ADCFreqValue,AHBFreq_Value,APB1CLKDivider,APB1Freq_Value,APB1TimFreq_Value,APB2Freq_Value,APB2TimFreq_Value,FCLKCortexFreq_Value,FamilyName,HCLKFreq_Value,MCOFreq_Value,PLLCLKFreq_Value,PLLMCOFreq_Value,PLLMUL,SYSCLKFreq_VALUE,SYSCLKSource,TimSysFreq_Value,USBFreq_Value,USBPrescaler,VCOOutput2Freq_Value
ProjectManager.AskForMigrate=true
Mcu.Name=STM32F103C(8-B)Tx
Mcu.Pin26=PA13
PD0-OSC_IN.GPIOParameters=GPIO_Label
Mcu.Pin27=PA14
PA2.Signal=USART2_TX
Mcu.Pin24=PA11
ProjectManager.UnderRoot=true
Mcu.Pin25=PA12
Mcu.IP8=TIM3
Mcu.IP9=TIM4
Mcu.Pin28=PA15
Mcu.IP6=SYS
Mcu.Pin29=PB3
Mcu.IP7=TIM2
ProjectManager.CoupleFile=true
PB4.Locked=true
PB3.Signal=SPI1_SCK
PA4.Signal=GPIO_Output
RCC.SYSCLKFreq_VALUE=64000000
Mcu.Pin22=PA9
PB5.Signal=SPI1_MOSI
Dma.USART3_RX.0.Priority=DMA_PRIORITY_LOW
Mcu.Pin23=PA10
RCC.TimSysFreq_Value=64000000
PA7.GPIO_Label=ENC_1B_MCU
PA1.Locked=true
Mcu.Pin20=PB15
PA3.Locked=true
Mcu.Pin21=PA8
PA5.GPIO_Label=RF_PWR
PA10.Locked=true
NVIC.ForceEnableDMAVector=true
KeepUserPlacement=false
USART3.VirtualMode=VM_ASYNC
NVIC.MemoryManagement_IRQn=true\:0\:0\:false\:false\:true\:false\:false
USART1.VirtualMode=VM_ASYNC
ProjectManager.CompilerOptimize=6
PA11.Signal=GPIO_Output
SH.S_TIM2_CH1_ETR.0=TIM2_CH1,PWM Generation1 CH1
PA14.Signal=SYS_JTCK-SWCLK
ProjectManager.HeapSize=0x200
Mcu.Pin15=PB10
NVIC.HardFault_IRQn=true\:0\:0\:false\:false\:true\:false\:false
Mcu.Pin16=PB11
Mcu.Pin13=PB0
Mcu.Pin14=PB1
Mcu.Pin19=PB14
SH.S_TIM3_CH1.ConfNb=1
ProjectManager.ComputerToolchain=false
Mcu.Pin17=PB12
Mcu.Pin18=PB13
NVIC.PriorityGroup=NVIC_PRIORITYGROUP_4
Mcu.Pin11=PA6
Dma.USART3_TX.1.Direction=DMA_MEMORY_TO_PERIPH
Mcu.Pin12=PA7
PB8.Mode=I2C
Mcu.Pin10=PA5
PA2.Mode=Asynchronous
PB8.Signal=I2C1_SCL
RCC.APB1Freq_Value=32000000
PB0.Signal=GPXTI0
PD0-OSC_IN.Locked=true
PA7.GPIOParameters=GPIO_Label
PB11.Locked=true
ProjectManager.DeviceId=STM32F103C8Tx
PB12.GPIOParameters=GPIO_Label
PB12.Signal=SPI2_NSS
ProjectManager.LibraryCopy=1
PA3.GPIO_Label=ESP_TX_MCU
PB1.GPIOParameters=GPIO_Label
PA7.Signal=S_TIM3_CH2
